{
  "name": "LOGIN - SIGN UP WITH LOCAL STORAGE",
  "lockfileVersion": 3,
  "requires": true,
  "packages": {
    "": {
      "dependencies": {
        "sweetalert2": "^11.15.1"
      }
    },
    "node_modules/sweetalert2": {
      "version": "11.15.1",
      "resolved": "https://registry.npmjs.org/sweetalert2/-/sweetalert2-11.15.1.tgz",
      "integrity": "sha512-DAE5LEKTarAdperqcLWCoFiwuoh0tdmOYhBK727a0Spj+lDJIQesdeS/Ya2Ek/xD37nFpjQujbp3v4HFmFw+tw==",
      "license": "MIT",
      "funding": {
        "type": "individual",
        "url": "https://github.com/sponsors/limonte"
      }
    }
  }
}
